{
    "name": "@lapidist/button",
    "version": "0.0.0",
    "lockfileVersion": 1,
    "requires": true,
    "dependencies": {
        "@lapidist/panel": {
            "version": "1.0.0",
            "resolved": "https://registry.npmjs.org/@lapidist/panel/-/panel-1.0.0.tgz",
            "integrity": "sha512-17a58TfSlnUywRe+higXFVTeB6LeGHofr7ne87L/c2dy6WgYdA7rXnbuGQWWABpTz2SbLwHojhQNGqMgOASItA=="
        }
    }
}
