{
    "name": "@lapidist/loading",
    "version": "0.0.0",
    "lockfileVersion": 1,
    "requires": true,
    "dependencies": {
        "@lapidist/logo": {
            "version": "1.5.1",
            "resolved": "https://registry.npmjs.org/@lapidist/logo/-/logo-1.5.1.tgz",
            "integrity": "sha512-wUxRv8I34nWQ+3e6NKKy1YMMoYxYCqrUNvWTcdvG9//Q0j2OcoDbAOhtZo31rnTS2Z56PG2eS3ddwb5YAaTMyg=="
        }
    }
}
